
Microsoft Visual Studio Solution File, Format Version 12.00
# Visual Studio Version 17
VisualStudioVersion = 17.0.31903.59
MinimumVisualStudioVersion = 10.0.40219.1
Project("{2150E333-8FDC-42A3-9474-1A3956D46DE8}") = "src", "src", "{06AADE90-D5DE-431B-AF70-67AF32712887}"
EndProject
Project("{FAE04EC0-301F-11D3-BF4B-00C04F79EFBC}") = "Basics.Environment", "src\Basics.Environment\Basics.Environment.csproj", "{E705FAD7-B997-4D31-933E-211765428CEC}"
EndProject
Project("{2150E333-8FDC-42A3-9474-1A3956D46DE8}") = "tests", "tests", "{418593A5-302B-4831-A791-40F3853777B5}"
EndProject
Project("{FAE04EC0-301F-11D3-BF4B-00C04F79EFBC}") = "Basics.Environment.Tests", "tests\Basics.Environment.Tests\Basics.Environment.Tests.csproj", "{06555B74-D23B-4F7E-91AA-A7F695881B21}"
EndProject
Project("{FAE04EC0-301F-11D3-BF4B-00C04F79EFBC}") = "Basics.Ui", "src\Basics.Ui\Basics.Ui.csproj", "{F85D47A0-51C9-428D-BCE5-A75E3679F008}"
EndProject
Project("{FAE04EC0-301F-11D3-BF4B-00C04F79EFBC}") = "Basics.Tasks", "src\Basics.Tasks\Basics.Tasks.csproj", "{F2F4E273-D589-4D77-917E-EFC6E015109B}"
EndProject
Project("{FAE04EC0-301F-11D3-BF4B-00C04F79EFBC}") = "Basics.Harness", "src\Basics.Harness\Basics.Harness.csproj", "{EA3F5065-8A6C-4017-B41B-8969B0CF19B0}"
EndProject
Project("{FAE04EC0-301F-11D3-BF4B-00C04F79EFBC}") = "Basics.Tasks.Tests", "tests\Basics.Tasks.Tests\Basics.Tasks.Tests.csproj", "{73763B69-DDCF-4008-9AC6-D132FC61BD75}"
EndProject
Project("{FAE04EC0-301F-11D3-BF4B-00C04F79EFBC}") = "Nbn.Demos.Behavior", "..\src\Nbn.Demos.Behavior\Nbn.Demos.Behavior.csproj", "{13157F2C-0D0C-4C5A-8CEB-1BD129D3F723}"
EndProject
Project("{FAE04EC0-301F-11D3-BF4B-00C04F79EFBC}") = "Basics.Ui.Tests", "tests\Basics.Ui.Tests\Basics.Ui.Tests.csproj", "{BE4046C0-39AC-4562-9694-16900589B609}"
EndProject
Global
	GlobalSection(SolutionConfigurationPlatforms) = preSolution
		Debug|Any CPU = Debug|Any CPU
		Release|Any CPU = Release|Any CPU
	EndGlobalSection
	GlobalSection(SolutionProperties) = preSolution
		HideSolutionNode = FALSE
	EndGlobalSection
	GlobalSection(ProjectConfigurationPlatforms) = postSolution
		{E705FAD7-B997-4D31-933E-211765428CEC}.Debug|Any CPU.ActiveCfg = Debug|Any CPU
		{E705FAD7-B997-4D31-933E-211765428CEC}.Debug|Any CPU.Build.0 = Debug|Any CPU
		{E705FAD7-B997-4D31-933E-211765428CEC}.Release|Any CPU.ActiveCfg = Release|Any CPU
		{E705FAD7-B997-4D31-933E-211765428CEC}.Release|Any CPU.Build.0 = Release|Any CPU
		{06555B74-D23B-4F7E-91AA-A7F695881B21}.Debug|Any CPU.ActiveCfg = Debug|Any CPU
		{06555B74-D23B-4F7E-91AA-A7F695881B21}.Debug|Any CPU.Build.0 = Debug|Any CPU
		{06555B74-D23B-4F7E-91AA-A7F695881B21}.Release|Any CPU.ActiveCfg = Release|Any CPU
		{06555B74-D23B-4F7E-91AA-A7F695881B21}.Release|Any CPU.Build.0 = Release|Any CPU
		{F85D47A0-51C9-428D-BCE5-A75E3679F008}.Debug|Any CPU.ActiveCfg = Debug|Any CPU
		{F85D47A0-51C9-428D-BCE5-A75E3679F008}.Debug|Any CPU.Build.0 = Debug|Any CPU
		{F85D47A0-51C9-428D-BCE5-A75E3679F008}.Release|Any CPU.ActiveCfg = Release|Any CPU
		{F85D47A0-51C9-428D-BCE5-A75E3679F008}.Release|Any CPU.Build.0 = Release|Any CPU
		{F2F4E273-D589-4D77-917E-EFC6E015109B}.Debug|Any CPU.ActiveCfg = Debug|Any CPU
		{F2F4E273-D589-4D77-917E-EFC6E015109B}.Debug|Any CPU.Build.0 = Debug|Any CPU
		{F2F4E273-D589-4D77-917E-EFC6E015109B}.Release|Any CPU.ActiveCfg = Release|Any CPU
		{F2F4E273-D589-4D77-917E-EFC6E015109B}.Release|Any CPU.Build.0 = Release|Any CPU
		{EA3F5065-8A6C-4017-B41B-8969B0CF19B0}.Debug|Any CPU.ActiveCfg = Debug|Any CPU
		{EA3F5065-8A6C-4017-B41B-8969B0CF19B0}.Debug|Any CPU.Build.0 = Debug|Any CPU
		{EA3F5065-8A6C-4017-B41B-8969B0CF19B0}.Release|Any CPU.ActiveCfg = Release|Any CPU
		{EA3F5065-8A6C-4017-B41B-8969B0CF19B0}.Release|Any CPU.Build.0 = Release|Any CPU
		{73763B69-DDCF-4008-9AC6-D132FC61BD75}.Debug|Any CPU.ActiveCfg = Debug|Any CPU
		{73763B69-DDCF-4008-9AC6-D132FC61BD75}.Debug|Any CPU.Build.0 = Debug|Any CPU
		{73763B69-DDCF-4008-9AC6-D132FC61BD75}.Release|Any CPU.ActiveCfg = Release|Any CPU
		{73763B69-DDCF-4008-9AC6-D132FC61BD75}.Release|Any CPU.Build.0 = Release|Any CPU
		{13157F2C-0D0C-4C5A-8CEB-1BD129D3F723}.Debug|Any CPU.ActiveCfg = Debug|Any CPU
		{13157F2C-0D0C-4C5A-8CEB-1BD129D3F723}.Debug|Any CPU.Build.0 = Debug|Any CPU
		{13157F2C-0D0C-4C5A-8CEB-1BD129D3F723}.Release|Any CPU.ActiveCfg = Release|Any CPU
		{13157F2C-0D0C-4C5A-8CEB-1BD129D3F723}.Release|Any CPU.Build.0 = Release|Any CPU
		{BE4046C0-39AC-4562-9694-16900589B609}.Debug|Any CPU.ActiveCfg = Debug|Any CPU
		{BE4046C0-39AC-4562-9694-16900589B609}.Debug|Any CPU.Build.0 = Debug|Any CPU
		{BE4046C0-39AC-4562-9694-16900589B609}.Release|Any CPU.ActiveCfg = Release|Any CPU
		{BE4046C0-39AC-4562-9694-16900589B609}.Release|Any CPU.Build.0 = Release|Any CPU
	EndGlobalSection
	GlobalSection(NestedProjects) = preSolution
		{E705FAD7-B997-4D31-933E-211765428CEC} = {06AADE90-D5DE-431B-AF70-67AF32712887}
		{06555B74-D23B-4F7E-91AA-A7F695881B21} = {418593A5-302B-4831-A791-40F3853777B5}
		{F85D47A0-51C9-428D-BCE5-A75E3679F008} = {06AADE90-D5DE-431B-AF70-67AF32712887}
		{F2F4E273-D589-4D77-917E-EFC6E015109B} = {06AADE90-D5DE-431B-AF70-67AF32712887}
		{EA3F5065-8A6C-4017-B41B-8969B0CF19B0} = {06AADE90-D5DE-431B-AF70-67AF32712887}
		{73763B69-DDCF-4008-9AC6-D132FC61BD75} = {418593A5-302B-4831-A791-40F3853777B5}
		{BE4046C0-39AC-4562-9694-16900589B609} = {418593A5-302B-4831-A791-40F3853777B5}
	EndGlobalSection
EndGlobal
